// !$*UTF8*$!
{
	archiveVersion = 1;
	classes = {
	};
	objectVersion = 46;
	objects = {

/* Begin PBXBuildFile section */
		79D04AA91576C5990054549B /* main.c in Sources */ = {isa = PBXBuildFile; fileRef = 79D04AA81576C5990054549B /* main.c */; };
		79D04AAB1576C5990054549B /* Projecto.1 in CopyFiles */ = {isa = PBXBuildFile; fileRef = 79D04AAA1576C5990054549B /* Projecto.1 */; };
/* End PBXBuildFile section */

/* Begin PBXCopyFilesBuildPhase section */
		79D04AA21576C5990054549B /* CopyFiles */ = {
			isa = PBXCopyFilesBuildPhase;
			buildActionMask = 2147483647;
			dstPath = /usr/share/man/man1/;
			dstSubfolderSpec = 0;
			files = (
				79D04AAB1576C5990054549B /* Projecto.1 in CopyFiles */,
			);
			runOnlyForDeploymentPostprocessing = 1;
		};
/* End PBXCopyFilesBuildPhase section */

/* Begin PBXFileReference section */
		79D04AA41576C5990054549B /* Projecto */ = {isa = PBXFileReference; explicitFileType = "compiled.mach-o.executable"; includeInIndex = 0; path = Projecto; sourceTree = BUILT_PRODUCTS_DIR; };
		79D04AA81576C5990054549B /* main.c */ = {isa = PBXFileReference; lastKnownFileType = sourcecode.c.c; path = main.c; sourceTree = "<group>"; };
		79D04AAA1576C5990054549B /* Projecto.1 */ = {isa = PBXFileReference; lastKnownFileType = text.man; path = Projecto.1; sourceTree = "<group>"; };
/* End PBXFileReference section */

/* Begin PBXFrameworksBuildPhase section */
		79D04AA11576C5990054549B /* Frameworks */ = {
			isa = PBXFrameworksBuildPhase;
			buildActionMask = 2147483647;
			files = (
			);
			runOnlyForDeploymentPostprocessing = 0;
		};
/* End PBXFrameworksBuildPhase section */

/* Begin PBXGroup section */
		79D04A991576C5990054549B = {
			isa = PBXGroup;
			children = (
				79D04AA71576C5990054549B /* Projecto */,
				79D04AA51576C5990054549B /* Products */,
			);
			sourceTree = "<group>";
		};
		79D04AA51576C5990054549B /* Products */ = {
			isa = PBXGroup;
			children = (
				79D04AA41576C5990054549B /* Projecto */,
			);
			name = Products;
			sourceTree = "<group>";
		};
		79D04AA71576C5990054549B /* Projecto */ = {
			isa = PBXGroup;
			children = (
				79D04AA81576C5990054549B /* main.c */,
				79D04AAA1576C5990054549B /* Projecto.1 */,
			);
			path = Projecto;
			sourceTree = "<group>";
		};
/* End PBXGroup section */

/* Begin PBXNativeTarget section */
		79D04AA31576C5990054549B /* Projecto */ = {
			isa = PBXNativeTarget;
			buildConfigurationList = 79D04AAE1576C5990054549B /* Build configuration list for PBXNativeTarget "Projecto" */;
			buildPhases = (
				79D04AA01576C5990054549B /* Sources */,
				79D04AA11576C5990054549B /* Frameworks */,
				79D04AA21576C5990054549B /* CopyFiles */,
			);
			buildRules = (
			);
			dependencies = (
			);
			name = Projecto;
			productName = Projecto;
			productReference = 79D04AA41576C5990054549B /* Projecto */;
			productType = "com.apple.product-type.tool";
		};
/* End PBXNativeTarget section */

/* Begin PBXProject section */
		79D04A9B1576C5990054549B /* Project object */ = {
			isa = PBXProject;
			attributes = {
				LastUpgradeCheck = 0430;
			};
			buildConfigurationList = 79D04A9E1576C5990054549B /* Build configuration list for PBXProject "Projecto" */;
			compatibilityVersion = "Xcode 3.2";
			developmentRegion = English;
			hasScannedForEncodings = 0;
			knownRegions = (
				en,
			);
			mainGroup = 79D04A991576C5990054549B;
			productRefGroup = 79D04AA51576C5990054549B /* Products */;
			projectDirPath = "";
			projectRoot = "";
			targets = (
				79D04AA31576C5990054549B /* Projecto */,
			);
		};
/* End PBXProject section */

/* Begin PBXSourcesBuildPhase section */
		79D04AA01576C5990054549B /* Sources */ = {
			isa = PBXSourcesBuildPhase;
			buildActionMask = 2147483647;
			files = (
				79D04AA91576C5990054549B /* main.c in Sources */,
			);
			runOnlyForDeploymentPostprocessing = 0;
		};
/* End PBXSourcesBuildPhase section */

/* Begin XCBuildConfiguration section */
		79D04AAC1576C5990054549B /* Debug */ = {
			isa = XCBuildConfiguration;
			buildSettings = {
				ALWAYS_SEARCH_USER_PATHS = NO;
				ARCHS = "$(ARCHS_STANDARD_64_BIT)";
				COPY_PHASE_STRIP = NO;
				GCC_C_LANGUAGE_STANDARD = gnu99;
				GCC_DYNAMIC_NO_PIC = NO;
				GCC_ENABLE_OBJC_EXCEPTIONS = YES;
				GCC_OPTIMIZATION_LEVEL = 0;
				GCC_PREPROCESSOR_DEFINITIONS = (
					"DEBUG=1",
					"$(inherited)",
				);
				GCC_SYMBOLS_PRIVATE_EXTERN = NO;
				GCC_VERSION = com.apple.compilers.llvm.clang.1_0;
				GCC_WARN_64_TO_32_BIT_CONVERSION = YES;
				GCC_WARN_ABOUT_RETURN_TYPE = YES;
				GCC_WARN_UNINITIALIZED_AUTOS = YES;
				GCC_WARN_UNUSED_VARIABLE = YES;
				MACOSX_DEPLOYMENT_TARGET = 10.7;
				ONLY_ACTIVE_ARCH = YES;
				SDKROOT = macosx;
			};
			name = Debug;
		};
		79D04AAD1576C5990054549B /* Release */ = {
			isa = XCBuildConfiguration;
			buildSettings = {
				ALWAYS_SEARCH_USER_PATHS = NO;
				ARCHS = "$(ARCHS_STANDARD_64_BIT)";
				COPY_PHASE_STRIP = YES;
				DEBUG_INFORMATION_FORMAT = "dwarf-with-dsym";
				GCC_C_LANGUAGE_STANDARD = gnu99;
				GCC_ENABLE_OBJC_EXCEPTIONS = YES;
				GCC_VERSION = com.apple.compilers.llvm.clang.1_0;
				GCC_WARN_64_TO_32_BIT_CONVERSION = YES;
				GCC_WARN_ABOUT_RETURN_TYPE = YES;
				GCC_WARN_UNINITIALIZED_AUTOS = YES;
				GCC_WARN_UNUSED_VARIABLE = YES;
				MACOSX_DEPLOYMENT_TARGET = 10.7;
				SDKROOT = macosx;
			};
			name = Release;
		};
		79D04AAF1576C5990054549B /* Debug */ = {
			isa = XCBuildConfiguration;
			buildSettings = {
				PRODUCT_NAME = "$(TARGET_NAME)";
			};
			name = Debug;
		};
		79D04AB01576C5990054549B /* Release */ = {
			isa = XCBuildConfiguration;
			buildSettings = {
				PRODUCT_NAME = "$(TARGET_NAME)";
			};
			name = Release;
		};
/* End XCBuildConfiguration section */

/* Begin XCConfigurationList section */
		79D04A9E1576C5990054549B /* Build configuration list for PBXProject "Projecto" */ = {
			isa = XCConfigurationList;
			buildConfigurations = (
				79D04AAC1576C5990054549B /* Debug */,
				79D04AAD1576C5990054549B /* Release */,
			);
			defaultConfigurationIsVisible = 0;
			defaultConfigurationName = Release;
		};
		79D04AAE1576C5990054549B /* Build configuration list for PBXNativeTarget "Projecto" */ = {
			isa = XCConfigurationList;
			buildConfigurations = (
				79D04AAF1576C5990054549B /* Debug */,
				79D04AB01576C5990054549B /* Release */,
			);
			defaultConfigurationIsVisible = 0;
		};
/* End XCConfigurationList section */
	};
	rootObject = 79D04A9B1576C5990054549B /* Project object */;
}
